
Microsoft Visual Studio Solution File, Format Version 12.00
# Visual Studio Version 17
VisualStudioVersion = 17.4.33213.308
MinimumVisualStudioVersion = 10.0.40219.1
Project("{9A19103F-16F7-4668-BE54-9A1E7A4F7556}") = "ProductManagment", "ProductManagment\ProductManagment.csproj", "{8C8B15A2-78B0-4D34-8FB5-46F901E43A1D}"
EndProject
Project("{2150E333-8FDC-42A3-9474-1A3956D46DE8}") = "DevExtreme NuGet.config", "DevExtreme NuGet.config", "{7EC59608-80AA-40A8-B4C5-ED3CAB3EF380}"
	ProjectSection(SolutionItems) = preProject
		NuGet.config = NuGet.config
	EndProjectSection
EndProject
Global
	GlobalSection(SolutionConfigurationPlatforms) = preSolution
		Debug|Any CPU = Debug|Any CPU
		Release|Any CPU = Release|Any CPU
	EndGlobalSection
	GlobalSection(ProjectConfigurationPlatforms) = postSolution
		{8C8B15A2-78B0-4D34-8FB5-46F901E43A1D}.Debug|Any CPU.ActiveCfg = Debug|Any CPU
		{8C8B15A2-78B0-4D34-8FB5-46F901E43A1D}.Debug|Any CPU.Build.0 = Debug|Any CPU
		{8C8B15A2-78B0-4D34-8FB5-46F901E43A1D}.Release|Any CPU.ActiveCfg = Release|Any CPU
		{8C8B15A2-78B0-4D34-8FB5-46F901E43A1D}.Release|Any CPU.Build.0 = Release|Any CPU
	EndGlobalSection
	GlobalSection(SolutionProperties) = preSolution
		HideSolutionNode = FALSE
	EndGlobalSection
	GlobalSection(ExtensibilityGlobals) = postSolution
		SolutionGuid = {B83E6C1D-A3FA-4E8F-805C-E247FFCA5A1B}
	EndGlobalSection
EndGlobal
